
Microsoft Visual Studio Solution File, Format Version 12.00
# Visual Studio Version 17
VisualStudioVersion = 17.2.32516.85
MinimumVisualStudioVersion = 10.0.40219.1
Project("{FAE04EC0-301F-11D3-BF4B-00C04F79EFBC}") = "TensiumAPIExample", "TensiumAPIExample\TensiumAPIExample.csproj", "{B5A19E47-2D14-4F31-84AB-024D578317A1}"
EndProject
Global
	GlobalSection(SolutionConfigurationPlatforms) = preSolution
		Debug|Any CPU = Debug|Any CPU
		Release|Any CPU = Release|Any CPU
	EndGlobalSection
	GlobalSection(ProjectConfigurationPlatforms) = postSolution
		{B5A19E47-2D14-4F31-84AB-024D578317A1}.Debug|Any CPU.ActiveCfg = Debug|Any CPU
		{B5A19E47-2D14-4F31-84AB-024D578317A1}.Debug|Any CPU.Build.0 = Debug|Any CPU
		{B5A19E47-2D14-4F31-84AB-024D578317A1}.Release|Any CPU.ActiveCfg = Release|Any CPU
		{B5A19E47-2D14-4F31-84AB-024D578317A1}.Release|Any CPU.Build.0 = Release|Any CPU
	EndGlobalSection
	GlobalSection(SolutionProperties) = preSolution
		HideSolutionNode = FALSE
	EndGlobalSection
	GlobalSection(ExtensibilityGlobals) = postSolution
		SolutionGuid = {AFA8A550-D2D5-4642-A569-392F66BE4B47}
	EndGlobalSection
EndGlobal
